
Microsoft Visual Studio Solution File, Format Version 12.00
# Visual Studio Version 16
VisualStudioVersion = 16.0.31129.286
MinimumVisualStudioVersion = 10.0.40219.1
Project("{FAE04EC0-301F-11D3-BF4B-00C04F79EFBC}") = "QLCuaHangDiDong", "QLCuaHangDiDong\QLCuaHangDiDong.csproj", "{BEF72C17-CC96-4470-8870-039FE0C7E1B8}"
EndProject
Global
	GlobalSection(SolutionConfigurationPlatforms) = preSolution
		Debug|Any CPU = Debug|Any CPU
		Release|Any CPU = Release|Any CPU
	EndGlobalSection
	GlobalSection(ProjectConfigurationPlatforms) = postSolution
		{BEF72C17-CC96-4470-8870-039FE0C7E1B8}.Debug|Any CPU.ActiveCfg = Debug|Any CPU
		{BEF72C17-CC96-4470-8870-039FE0C7E1B8}.Debug|Any CPU.Build.0 = Debug|Any CPU
		{BEF72C17-CC96-4470-8870-039FE0C7E1B8}.Release|Any CPU.ActiveCfg = Release|Any CPU
		{BEF72C17-CC96-4470-8870-039FE0C7E1B8}.Release|Any CPU.Build.0 = Release|Any CPU
	EndGlobalSection
	GlobalSection(SolutionProperties) = preSolution
		HideSolutionNode = FALSE
	EndGlobalSection
	GlobalSection(ExtensibilityGlobals) = postSolution
		SolutionGuid = {6B89BFC8-AA93-4CAA-8285-C3D07741C82B}
	EndGlobalSection
EndGlobal
